
Microsoft Visual Studio Solution File, Format Version 12.00
# Visual Studio 15
VisualStudioVersion = 15.0.26228.4
MinimumVisualStudioVersion = 10.0.40219.1
Project("{FAE04EC0-301F-11D3-BF4B-00C04F79EFBC}") = "Shanghai", "Shanghai\Shanghai.csproj", "{B3BE0A3A-CF43-4FF7-8D05-EADFDA9F0708}"
EndProject
Project("{FAE04EC0-301F-11D3-BF4B-00C04F79EFBC}") = "DLearn", "DLearn\DLearn.csproj", "{78C299F1-1B49-4185-911C-2703FE8C66D7}"
	ProjectSection(ProjectDependencies) = postProject
		{251A5CED-D6FB-41F8-935D-9CCCDFCA4DD4} = {251A5CED-D6FB-41F8-935D-9CCCDFCA4DD4}
	EndProjectSection
EndProject
Project("{FAE04EC0-301F-11D3-BF4B-00C04F79EFBC}") = "DollsLib", "DollsLib\DollsLib.csproj", "{251A5CED-D6FB-41F8-935D-9CCCDFCA4DD4}"
EndProject
Project("{FAE04EC0-301F-11D3-BF4B-00C04F79EFBC}") = "DollsLang", "DollsLang\DollsLang.csproj", "{B83C6DE2-F2DD-40A1-A4F3-020C2BCE6FDD}"
EndProject
Project("{FAE04EC0-301F-11D3-BF4B-00C04F79EFBC}") = "LangTest", "LangTest\LangTest.csproj", "{99386622-D1FC-49EB-B59D-B57A44662B4C}"
	ProjectSection(ProjectDependencies) = postProject
		{B83C6DE2-F2DD-40A1-A4F3-020C2BCE6FDD} = {B83C6DE2-F2DD-40A1-A4F3-020C2BCE6FDD}
	EndProjectSection
EndProject
Global
	GlobalSection(SolutionConfigurationPlatforms) = preSolution
		Debug|Any CPU = Debug|Any CPU
		Release|Any CPU = Release|Any CPU
	EndGlobalSection
	GlobalSection(ProjectConfigurationPlatforms) = postSolution
		{B3BE0A3A-CF43-4FF7-8D05-EADFDA9F0708}.Debug|Any CPU.ActiveCfg = Debug|Any CPU
		{B3BE0A3A-CF43-4FF7-8D05-EADFDA9F0708}.Debug|Any CPU.Build.0 = Debug|Any CPU
		{B3BE0A3A-CF43-4FF7-8D05-EADFDA9F0708}.Release|Any CPU.ActiveCfg = Release|Any CPU
		{B3BE0A3A-CF43-4FF7-8D05-EADFDA9F0708}.Release|Any CPU.Build.0 = Release|Any CPU
		{78C299F1-1B49-4185-911C-2703FE8C66D7}.Debug|Any CPU.ActiveCfg = Debug|Any CPU
		{78C299F1-1B49-4185-911C-2703FE8C66D7}.Debug|Any CPU.Build.0 = Debug|Any CPU
		{78C299F1-1B49-4185-911C-2703FE8C66D7}.Release|Any CPU.ActiveCfg = Release|Any CPU
		{78C299F1-1B49-4185-911C-2703FE8C66D7}.Release|Any CPU.Build.0 = Release|Any CPU
		{251A5CED-D6FB-41F8-935D-9CCCDFCA4DD4}.Debug|Any CPU.ActiveCfg = Debug|Any CPU
		{251A5CED-D6FB-41F8-935D-9CCCDFCA4DD4}.Debug|Any CPU.Build.0 = Debug|Any CPU
		{251A5CED-D6FB-41F8-935D-9CCCDFCA4DD4}.Release|Any CPU.ActiveCfg = Release|Any CPU
		{251A5CED-D6FB-41F8-935D-9CCCDFCA4DD4}.Release|Any CPU.Build.0 = Release|Any CPU
		{B83C6DE2-F2DD-40A1-A4F3-020C2BCE6FDD}.Debug|Any CPU.ActiveCfg = Debug|Any CPU
		{B83C6DE2-F2DD-40A1-A4F3-020C2BCE6FDD}.Debug|Any CPU.Build.0 = Debug|Any CPU
		{B83C6DE2-F2DD-40A1-A4F3-020C2BCE6FDD}.Release|Any CPU.ActiveCfg = Release|Any CPU
		{B83C6DE2-F2DD-40A1-A4F3-020C2BCE6FDD}.Release|Any CPU.Build.0 = Release|Any CPU
		{99386622-D1FC-49EB-B59D-B57A44662B4C}.Debug|Any CPU.ActiveCfg = Debug|Any CPU
		{99386622-D1FC-49EB-B59D-B57A44662B4C}.Debug|Any CPU.Build.0 = Debug|Any CPU
		{99386622-D1FC-49EB-B59D-B57A44662B4C}.Release|Any CPU.ActiveCfg = Release|Any CPU
		{99386622-D1FC-49EB-B59D-B57A44662B4C}.Release|Any CPU.Build.0 = Release|Any CPU
	EndGlobalSection
	GlobalSection(SolutionProperties) = preSolution
		HideSolutionNode = FALSE
	EndGlobalSection
EndGlobal
